PODS:
  - JKit (2.1.1)
  - SDWebImage (4.0.0):
    - SDWebImage/Core (= 4.0.0)
  - SDWebImage/Core (4.0.0)

DEPENDENCIES:
  - JKit
  - SDWebImage

SPEC CHECKSUMS:
  JKit: fe1f5c0713a06940289bf508f6ab3ccd08f2c41d
  SDWebImage: 76a6348bdc74eb5a55dd08a091ef298e56b55e41

PODFILE CHECKSUM: fecfc5d7e44d62d20b3b081da2c24a6b09494b5f

COCOAPODS: 1.2.0
